
Microsoft Visual Studio Solution File, Format Version 12.00
# Visual Studio Version 17
VisualStudioVersion = 17.2.32630.192
MinimumVisualStudioVersion = 10.0.40219.1
Project("{9A19103F-16F7-4668-BE54-9A1E7A4F7556}") = "R5T.O0029.Construction", "R5T.O0029.Construction\R5T.O0029.Construction.csproj", "{7470BCA1-C9D5-4E35-B6F5-2BA3E2650A9C}"
EndProject
Project("{9A19103F-16F7-4668-BE54-9A1E7A4F7556}") = "R5T.O0029", "R5T.O0029\R5T.O0029.csproj", "{B139DAC3-EBDB-43C4-8D11-A8F9795EB2DD}"
EndProject
Project("{9A19103F-16F7-4668-BE54-9A1E7A4F7556}") = "R5T.O0029.O001", "R5T.O0029.O001\R5T.O0029.O001.csproj", "{FC0C982E-CEB9-49F3-B107-3D2358CC77B8}"
EndProject
Project("{2150E333-8FDC-42A3-9474-1A3956D46DE8}") = "_Dependencies", "_Dependencies", "{4680B6A5-7664-4000-B0BE-2F597380DE55}"
EndProject
Project("{9A19103F-16F7-4668-BE54-9A1E7A4F7556}") = "R5T.F0000", "..\..\R5T.F0000\source\R5T.F0000\R5T.F0000.csproj", "{52CA4BCB-B3D2-4058-858C-23DB49BFF691}"
EndProject
Project("{9A19103F-16F7-4668-BE54-9A1E7A4F7556}") = "R5T.F0002", "..\..\R5T.F0002\source\R5T.F0002\R5T.F0002.csproj", "{4292FE59-B75A-4F51-AB84-A684135D0435}"
EndProject
Project("{9A19103F-16F7-4668-BE54-9A1E7A4F7556}") = "R5T.F0059", "..\..\R5T.F0059\source\R5T.F0059\R5T.F0059.csproj", "{4DB458C2-5BD0-4C48-8599-74D3632B9BA4}"
EndProject
Project("{9A19103F-16F7-4668-BE54-9A1E7A4F7556}") = "R5T.F0120", "..\..\R5T.F0120\source\R5T.F0120\R5T.F0120.csproj", "{9454BAAA-8137-4942-AEDD-CB6E8845ACA8}"
EndProject
Project("{9A19103F-16F7-4668-BE54-9A1E7A4F7556}") = "R5T.F0124", "..\..\R5T.F0124\source\R5T.F0124\R5T.F0124.csproj", "{D8BEC1D8-8F4F-493F-B7FA-C9E0354FA0C6}"
EndProject
Project("{9A19103F-16F7-4668-BE54-9A1E7A4F7556}") = "R5T.F0125", "..\..\R5T.F0125\source\R5T.F0125\R5T.F0125.csproj", "{470D2037-8908-4C7D-9C18-88D0EB11C13F}"
EndProject
Project("{9A19103F-16F7-4668-BE54-9A1E7A4F7556}") = "R5T.L0030.T000", "..\..\R5T.L0030\source\R5T.L0030.T000\R5T.L0030.T000.csproj", "{E9414CEC-8D4E-4CAC-B13D-4AC1FD24D649}"
EndProject
Project("{9A19103F-16F7-4668-BE54-9A1E7A4F7556}") = "R5T.L0030", "..\..\R5T.L0030\source\R5T.L0030\R5T.L0030.csproj", "{F5E48D94-91BF-448E-A265-5734E945620E}"
EndProject
Project("{9A19103F-16F7-4668-BE54-9A1E7A4F7556}") = "R5T.L0034", "..\..\R5T.L0034\source\R5T.L0034\R5T.L0034.csproj", "{153AD55C-70C8-4A7F-868C-5C3778C3ACF7}"
EndProject
Project("{9A19103F-16F7-4668-BE54-9A1E7A4F7556}") = "R5T.L0035", "..\..\R5T.L0035\source\R5T.L0035\R5T.L0035.csproj", "{265B4D7D-5DEC-4D6B-9147-F8D57CD7A746}"
EndProject
Project("{9A19103F-16F7-4668-BE54-9A1E7A4F7556}") = "R5T.L0053", "..\..\R5T.L0053\source\R5T.L0053\R5T.L0053.csproj", "{6099F450-5829-47ED-83F3-422E0F435D2A}"
EndProject
Project("{9A19103F-16F7-4668-BE54-9A1E7A4F7556}") = "R5T.L0056", "..\..\R5T.L0056\source\R5T.L0056\R5T.L0056.csproj", "{0C29BC2F-A690-4A6B-B35E-B262F7FCC59D}"
EndProject
Project("{9A19103F-16F7-4668-BE54-9A1E7A4F7556}") = "R5T.L0066", "..\..\R5T.L0066\source\R5T.L0066\R5T.L0066.csproj", "{ECAE93C4-9F3E-451A-A367-EB69CF587567}"
EndProject
Project("{9A19103F-16F7-4668-BE54-9A1E7A4F7556}") = "R5T.L0071", "..\..\R5T.L0071\source\R5T.L0071\R5T.L0071.csproj", "{A79C6244-2116-486F-B5EA-514D3986B901}"
EndProject
Project("{9A19103F-16F7-4668-BE54-9A1E7A4F7556}") = "R5T.L0074", "..\..\R5T.L0074\source\R5T.L0074\R5T.L0074.csproj", "{E5695766-209A-4FD7-9B58-603B7BBA4113}"
EndProject
Project("{9A19103F-16F7-4668-BE54-9A1E7A4F7556}") = "R5T.NG0006", "..\..\R5T.NG0006\source\R5T.NG0006\R5T.NG0006.csproj", "{C633F114-6FB4-4E13-9B89-3F79AEAC8E86}"
EndProject
Project("{9A19103F-16F7-4668-BE54-9A1E7A4F7556}") = "R5T.NG0022", "..\..\R5T.NG0022\source\R5T.NG0022\R5T.NG0022.csproj", "{A33156A3-2D83-496C-A594-49B643342B08}"
EndProject
Project("{9A19103F-16F7-4668-BE54-9A1E7A4F7556}") = "R5T.T0131", "..\..\R5T.T0131\source\R5T.T0131\R5T.T0131.csproj", "{F1CB531A-FA3B-466F-81D8-C97C0FFFE122}"
EndProject
Project("{9A19103F-16F7-4668-BE54-9A1E7A4F7556}") = "R5T.T0132", "..\..\R5T.T0132\source\R5T.T0132\R5T.T0132.csproj", "{8B258A46-5538-449A-BDCB-5421E898357F}"
EndProject
Project("{9A19103F-16F7-4668-BE54-9A1E7A4F7556}") = "R5T.T0142", "..\..\R5T.T0142\source\R5T.T0142\R5T.T0142.csproj", "{734E89DA-884F-4531-9165-B0FD79E884E7}"
EndProject
Project("{9A19103F-16F7-4668-BE54-9A1E7A4F7556}") = "R5T.T0143", "..\..\R5T.T0143\source\R5T.T0143\R5T.T0143.csproj", "{8AF8E439-38AD-4CFB-92D4-92B9765242AA}"
EndProject
Project("{9A19103F-16F7-4668-BE54-9A1E7A4F7556}") = "R5T.T0150", "..\..\R5T.T0150\source\R5T.T0150\R5T.T0150.csproj", "{88EA5644-5BFF-49FA-967C-B985E80E9ED9}"
EndProject
Project("{9A19103F-16F7-4668-BE54-9A1E7A4F7556}") = "R5T.T0151", "..\..\R5T.T0151\source\R5T.T0151\R5T.T0151.csproj", "{A60B04D3-3C2F-4D0A-9044-5D3FEB73503C}"
EndProject
Project("{9A19103F-16F7-4668-BE54-9A1E7A4F7556}") = "R5T.T0156", "..\..\R5T.T0156\source\R5T.T0156\R5T.T0156.csproj", "{E0499490-AD89-4D15-9D4E-DB3E91E3F1CC}"
EndProject
Project("{9A19103F-16F7-4668-BE54-9A1E7A4F7556}") = "R5T.T0158", "..\..\R5T.T0158\source\R5T.T0158\R5T.T0158.csproj", "{39D01D54-79E3-493A-A295-34F90B60CDD8}"
EndProject
Project("{9A19103F-16F7-4668-BE54-9A1E7A4F7556}") = "R5T.T0159", "..\..\R5T.T0159\source\R5T.T0159\R5T.T0159.csproj", "{B9530A4A-DB48-4365-88D8-C410BB0BD5FD}"
EndProject
Project("{9A19103F-16F7-4668-BE54-9A1E7A4F7556}") = "R5T.T0172", "..\..\R5T.T0172\source\R5T.T0172\R5T.T0172.csproj", "{572D0650-301A-4EB9-8F78-68AC62CD6C9A}"
EndProject
Project("{9A19103F-16F7-4668-BE54-9A1E7A4F7556}") = "R5T.T0174", "..\..\R5T.T0174\source\R5T.T0174\R5T.T0174.csproj", "{B339F5AB-8B64-4626-BBC8-0951D020D1BD}"
EndProject
Project("{9A19103F-16F7-4668-BE54-9A1E7A4F7556}") = "R5T.T0176", "..\..\R5T.T0176\source\R5T.T0176\R5T.T0176.csproj", "{9DF91D4D-A79D-4E59-8A1C-3CC5B81030FF}"
EndProject
Project("{9A19103F-16F7-4668-BE54-9A1E7A4F7556}") = "R5T.T0177", "..\..\R5T.T0177\source\R5T.T0177\R5T.T0177.csproj", "{CC7CB8E8-B39A-48E3-87EB-B166544317D9}"
EndProject
Project("{9A19103F-16F7-4668-BE54-9A1E7A4F7556}") = "R5T.T0178", "..\..\R5T.T0178\source\R5T.T0178\R5T.T0178.csproj", "{54885448-4E5F-404C-A3A6-5E1555DB5AC8}"
EndProject
Project("{9A19103F-16F7-4668-BE54-9A1E7A4F7556}") = "R5T.T0179", "..\..\R5T.T0179\source\R5T.T0179\R5T.T0179.csproj", "{A1947B3B-F94B-45DA-AAED-9CBB4DDF43A8}"
EndProject
Project("{9A19103F-16F7-4668-BE54-9A1E7A4F7556}") = "R5T.T0180", "..\..\R5T.T0180\source\R5T.T0180\R5T.T0180.csproj", "{6431A8E6-4E43-4E0A-A412-3767D1D0E5CA}"
EndProject
Project("{9A19103F-16F7-4668-BE54-9A1E7A4F7556}") = "R5T.T0181", "..\..\R5T.T0181\source\R5T.T0181\R5T.T0181.csproj", "{6F21AF80-F82B-4FAC-8118-CCF1BAB4C4BC}"
EndProject
Project("{9A19103F-16F7-4668-BE54-9A1E7A4F7556}") = "R5T.T0185", "..\..\R5T.T0185\source\R5T.T0185\R5T.T0185.csproj", "{D3D7B208-719A-42C1-9F82-76498288E5E8}"
EndProject
Project("{9A19103F-16F7-4668-BE54-9A1E7A4F7556}") = "R5T.T0199.T000", "..\..\R5T.T0199\source\R5T.T0199.T000\R5T.T0199.T000.csproj", "{6533CB38-4667-4866-A663-D1961ABD2C10}"
EndProject
Project("{9A19103F-16F7-4668-BE54-9A1E7A4F7556}") = "R5T.T0199.T001", "..\..\R5T.T0199\source\R5T.T0199.T001\R5T.T0199.T001.csproj", "{A0E696A2-3E10-479A-8C49-2AA8EBF9FBDE}"
EndProject
Project("{9A19103F-16F7-4668-BE54-9A1E7A4F7556}") = "R5T.T0199", "..\..\R5T.T0199\source\R5T.T0199\R5T.T0199.csproj", "{129F1A4A-42E2-4004-854A-E54A0BDAF39C}"
EndProject
Project("{9A19103F-16F7-4668-BE54-9A1E7A4F7556}") = "R5T.T0203", "..\..\R5T.T0203\source\R5T.T0203\R5T.T0203.csproj", "{859CCC7D-AB2A-4725-AD89-A0F0F6F62CF8}"
EndProject
Project("{9A19103F-16F7-4668-BE54-9A1E7A4F7556}") = "R5T.T0213", "..\..\R5T.T0213\source\R5T.T0213\R5T.T0213.csproj", "{6DE8401E-B426-4F6E-86C4-BBCC380EBE6F}"
EndProject
Project("{9A19103F-16F7-4668-BE54-9A1E7A4F7556}") = "R5T.T0218", "..\..\R5T.T0218\source\R5T.T0218\R5T.T0218.csproj", "{E2B3033A-2AA0-4146-AEFF-B9C8B226EF9C}"
EndProject
Project("{9A19103F-16F7-4668-BE54-9A1E7A4F7556}") = "R5T.T0219", "..\..\R5T.T0219\source\R5T.T0219\R5T.T0219.csproj", "{E92CAF9E-B7A4-49F9-BAAD-E5ECE0A4FA7B}"
EndProject
Project("{9A19103F-16F7-4668-BE54-9A1E7A4F7556}") = "R5T.T0220", "..\..\R5T.T0220\source\R5T.T0220\R5T.T0220.csproj", "{F053B83F-78E3-4A3B-9EA3-ACCB44C8C025}"
EndProject
Project("{9A19103F-16F7-4668-BE54-9A1E7A4F7556}") = "R5T.T0221", "..\..\R5T.T0221\source\R5T.T0221\R5T.T0221.csproj", "{A8D9DEDE-3125-440B-A9C2-ED425A8D0DA2}"
EndProject
Project("{9A19103F-16F7-4668-BE54-9A1E7A4F7556}") = "R5T.T0227", "..\..\R5T.T0227\source\R5T.T0227\R5T.T0227.csproj", "{2F3D929F-5FC1-4356-B4FB-F2722490D24E}"
EndProject
Project("{9A19103F-16F7-4668-BE54-9A1E7A4F7556}") = "R5T.Y0000", "..\..\R5T.Y0000\source\R5T.Y0000\R5T.Y0000.csproj", "{D6A21F16-C6F6-4767-8E51-1B5C85A2B2C8}"
EndProject
Project("{9A19103F-16F7-4668-BE54-9A1E7A4F7556}") = "R5T.Y0006", "..\..\R5T.Y0006\source\R5T.Y0006\R5T.Y0006.csproj", "{D5F4FA17-CFB6-4716-80EA-DA7A8904A091}"
EndProject
Project("{9A19103F-16F7-4668-BE54-9A1E7A4F7556}") = "R5T.Z0000", "..\..\R5T.Z0000\source\R5T.Z0000\R5T.Z0000.csproj", "{3A060D68-C0F6-4231-809C-5CE6CE47A442}"
EndProject
Project("{9A19103F-16F7-4668-BE54-9A1E7A4F7556}") = "R5T.Z0010.Platform", "..\..\R5T.Z0010\source\R5T.Z0010.Platform\R5T.Z0010.Platform.csproj", "{CF0FB07A-7E45-4468-8045-D8011071BF46}"
EndProject
Project("{9A19103F-16F7-4668-BE54-9A1E7A4F7556}") = "R5T.Z0010", "..\..\R5T.Z0010\source\R5T.Z0010\R5T.Z0010.csproj", "{B1D8E52C-7351-414E-9A31-A763FC4B9449}"
EndProject
Project("{9A19103F-16F7-4668-BE54-9A1E7A4F7556}") = "R5T.Z0057.Platform", "..\..\R5T.Z0057\source\R5T.Z0057.Platform\R5T.Z0057.Platform.csproj", "{80CAD0A7-592E-4C3E-93F4-E4F7CDD876CF}"
EndProject
Project("{9A19103F-16F7-4668-BE54-9A1E7A4F7556}") = "R5T.Z0057", "..\..\R5T.Z0057\source\R5T.Z0057\R5T.Z0057.csproj", "{00E0614A-3DE4-47B2-AED4-B6C92F9BCB71}"
EndProject
Project("{9A19103F-16F7-4668-BE54-9A1E7A4F7556}") = "R5T.Z0058", "..\..\R5T.Z0058\source\R5T.Z0058\R5T.Z0058.csproj", "{20208B9F-4D99-49CA-9EC9-D7C84745A044}"
EndProject
Project("{9A19103F-16F7-4668-BE54-9A1E7A4F7556}") = "R5T.O0029.O002", "R5T.O0029.O002\R5T.O0029.O002.csproj", "{B1A3AF22-8F4A-466E-BA81-9D6D0C1E4CC6}"
EndProject
Project("{9A19103F-16F7-4668-BE54-9A1E7A4F7556}") = "R5T.T0206", "..\..\R5T.T0206\source\R5T.T0206\R5T.T0206.csproj", "{BAF8C85D-8548-439E-BDCB-E06A17BFCB88}"
EndProject
Project("{9A19103F-16F7-4668-BE54-9A1E7A4F7556}") = "R5T.Z0050.Z001", "..\..\R5T.Z0050\source\R5T.Z0050.Z001\R5T.Z0050.Z001.csproj", "{77934C58-9851-4BE9-BD0F-40D2987FE5D3}"
EndProject
Global
	GlobalSection(NestedProjects) = preSolution
		{52CA4BCB-B3D2-4058-858C-23DB49BFF691} = {4680B6A5-7664-4000-B0BE-2F597380DE55}
		{4292FE59-B75A-4F51-AB84-A684135D0435} = {4680B6A5-7664-4000-B0BE-2F597380DE55}
		{4DB458C2-5BD0-4C48-8599-74D3632B9BA4} = {4680B6A5-7664-4000-B0BE-2F597380DE55}
		{9454BAAA-8137-4942-AEDD-CB6E8845ACA8} = {4680B6A5-7664-4000-B0BE-2F597380DE55}
		{D8BEC1D8-8F4F-493F-B7FA-C9E0354FA0C6} = {4680B6A5-7664-4000-B0BE-2F597380DE55}
		{470D2037-8908-4C7D-9C18-88D0EB11C13F} = {4680B6A5-7664-4000-B0BE-2F597380DE55}
		{E9414CEC-8D4E-4CAC-B13D-4AC1FD24D649} = {4680B6A5-7664-4000-B0BE-2F597380DE55}
		{F5E48D94-91BF-448E-A265-5734E945620E} = {4680B6A5-7664-4000-B0BE-2F597380DE55}
		{153AD55C-70C8-4A7F-868C-5C3778C3ACF7} = {4680B6A5-7664-4000-B0BE-2F597380DE55}
		{265B4D7D-5DEC-4D6B-9147-F8D57CD7A746} = {4680B6A5-7664-4000-B0BE-2F597380DE55}
		{6099F450-5829-47ED-83F3-422E0F435D2A} = {4680B6A5-7664-4000-B0BE-2F597380DE55}
		{0C29BC2F-A690-4A6B-B35E-B262F7FCC59D} = {4680B6A5-7664-4000-B0BE-2F597380DE55}
		{ECAE93C4-9F3E-451A-A367-EB69CF587567} = {4680B6A5-7664-4000-B0BE-2F597380DE55}
		{A79C6244-2116-486F-B5EA-514D3986B901} = {4680B6A5-7664-4000-B0BE-2F597380DE55}
		{E5695766-209A-4FD7-9B58-603B7BBA4113} = {4680B6A5-7664-4000-B0BE-2F597380DE55}
		{C633F114-6FB4-4E13-9B89-3F79AEAC8E86} = {4680B6A5-7664-4000-B0BE-2F597380DE55}
		{A33156A3-2D83-496C-A594-49B643342B08} = {4680B6A5-7664-4000-B0BE-2F597380DE55}
		{F1CB531A-FA3B-466F-81D8-C97C0FFFE122} = {4680B6A5-7664-4000-B0BE-2F597380DE55}
		{8B258A46-5538-449A-BDCB-5421E898357F} = {4680B6A5-7664-4000-B0BE-2F597380DE55}
		{734E89DA-884F-4531-9165-B0FD79E884E7} = {4680B6A5-7664-4000-B0BE-2F597380DE55}
		{8AF8E439-38AD-4CFB-92D4-92B9765242AA} = {4680B6A5-7664-4000-B0BE-2F597380DE55}
		{88EA5644-5BFF-49FA-967C-B985E80E9ED9} = {4680B6A5-7664-4000-B0BE-2F597380DE55}
		{A60B04D3-3C2F-4D0A-9044-5D3FEB73503C} = {4680B6A5-7664-4000-B0BE-2F597380DE55}
		{E0499490-AD89-4D15-9D4E-DB3E91E3F1CC} = {4680B6A5-7664-4000-B0BE-2F597380DE55}
		{39D01D54-79E3-493A-A295-34F90B60CDD8} = {4680B6A5-7664-4000-B0BE-2F597380DE55}
		{B9530A4A-DB48-4365-88D8-C410BB0BD5FD} = {4680B6A5-7664-4000-B0BE-2F597380DE55}
		{572D0650-301A-4EB9-8F78-68AC62CD6C9A} = {4680B6A5-7664-4000-B0BE-2F597380DE55}
		{B339F5AB-8B64-4626-BBC8-0951D020D1BD} = {4680B6A5-7664-4000-B0BE-2F597380DE55}
		{9DF91D4D-A79D-4E59-8A1C-3CC5B81030FF} = {4680B6A5-7664-4000-B0BE-2F597380DE55}
		{CC7CB8E8-B39A-48E3-87EB-B166544317D9} = {4680B6A5-7664-4000-B0BE-2F597380DE55}
		{54885448-4E5F-404C-A3A6-5E1555DB5AC8} = {4680B6A5-7664-4000-B0BE-2F597380DE55}
		{A1947B3B-F94B-45DA-AAED-9CBB4DDF43A8} = {4680B6A5-7664-4000-B0BE-2F597380DE55}
		{6431A8E6-4E43-4E0A-A412-3767D1D0E5CA} = {4680B6A5-7664-4000-B0BE-2F597380DE55}
		{6F21AF80-F82B-4FAC-8118-CCF1BAB4C4BC} = {4680B6A5-7664-4000-B0BE-2F597380DE55}
		{D3D7B208-719A-42C1-9F82-76498288E5E8} = {4680B6A5-7664-4000-B0BE-2F597380DE55}
		{6533CB38-4667-4866-A663-D1961ABD2C10} = {4680B6A5-7664-4000-B0BE-2F597380DE55}
		{A0E696A2-3E10-479A-8C49-2AA8EBF9FBDE} = {4680B6A5-7664-4000-B0BE-2F597380DE55}
		{129F1A4A-42E2-4004-854A-E54A0BDAF39C} = {4680B6A5-7664-4000-B0BE-2F597380DE55}
		{859CCC7D-AB2A-4725-AD89-A0F0F6F62CF8} = {4680B6A5-7664-4000-B0BE-2F597380DE55}
		{6DE8401E-B426-4F6E-86C4-BBCC380EBE6F} = {4680B6A5-7664-4000-B0BE-2F597380DE55}
		{E2B3033A-2AA0-4146-AEFF-B9C8B226EF9C} = {4680B6A5-7664-4000-B0BE-2F597380DE55}
		{E92CAF9E-B7A4-49F9-BAAD-E5ECE0A4FA7B} = {4680B6A5-7664-4000-B0BE-2F597380DE55}
		{F053B83F-78E3-4A3B-9EA3-ACCB44C8C025} = {4680B6A5-7664-4000-B0BE-2F597380DE55}
		{A8D9DEDE-3125-440B-A9C2-ED425A8D0DA2} = {4680B6A5-7664-4000-B0BE-2F597380DE55}
		{2F3D929F-5FC1-4356-B4FB-F2722490D24E} = {4680B6A5-7664-4000-B0BE-2F597380DE55}
		{D6A21F16-C6F6-4767-8E51-1B5C85A2B2C8} = {4680B6A5-7664-4000-B0BE-2F597380DE55}
		{D5F4FA17-CFB6-4716-80EA-DA7A8904A091} = {4680B6A5-7664-4000-B0BE-2F597380DE55}
		{3A060D68-C0F6-4231-809C-5CE6CE47A442} = {4680B6A5-7664-4000-B0BE-2F597380DE55}
		{CF0FB07A-7E45-4468-8045-D8011071BF46} = {4680B6A5-7664-4000-B0BE-2F597380DE55}
		{B1D8E52C-7351-414E-9A31-A763FC4B9449} = {4680B6A5-7664-4000-B0BE-2F597380DE55}
		{80CAD0A7-592E-4C3E-93F4-E4F7CDD876CF} = {4680B6A5-7664-4000-B0BE-2F597380DE55}
		{00E0614A-3DE4-47B2-AED4-B6C92F9BCB71} = {4680B6A5-7664-4000-B0BE-2F597380DE55}
		{20208B9F-4D99-49CA-9EC9-D7C84745A044} = {4680B6A5-7664-4000-B0BE-2F597380DE55}
		{BAF8C85D-8548-439E-BDCB-E06A17BFCB88} = {4680B6A5-7664-4000-B0BE-2F597380DE55}
		{77934C58-9851-4BE9-BD0F-40D2987FE5D3} = {4680B6A5-7664-4000-B0BE-2F597380DE55}
	EndGlobalSection
	GlobalSection(SolutionConfigurationPlatforms) = preSolution
		Debug|Any CPU = Debug|Any CPU
		Release|Any CPU = Release|Any CPU
	EndGlobalSection
	GlobalSection(ProjectConfigurationPlatforms) = postSolution
		{7470BCA1-C9D5-4E35-B6F5-2BA3E2650A9C}.Debug|Any CPU.ActiveCfg = Debug|Any CPU
		{7470BCA1-C9D5-4E35-B6F5-2BA3E2650A9C}.Debug|Any CPU.Build.0 = Debug|Any CPU
		{7470BCA1-C9D5-4E35-B6F5-2BA3E2650A9C}.Release|Any CPU.ActiveCfg = Release|Any CPU
		{7470BCA1-C9D5-4E35-B6F5-2BA3E2650A9C}.Release|Any CPU.Build.0 = Release|Any CPU
		{B139DAC3-EBDB-43C4-8D11-A8F9795EB2DD}.Debug|Any CPU.ActiveCfg = Debug|Any CPU
		{B139DAC3-EBDB-43C4-8D11-A8F9795EB2DD}.Debug|Any CPU.Build.0 = Debug|Any CPU
		{B139DAC3-EBDB-43C4-8D11-A8F9795EB2DD}.Release|Any CPU.ActiveCfg = Release|Any CPU
		{B139DAC3-EBDB-43C4-8D11-A8F9795EB2DD}.Release|Any CPU.Build.0 = Release|Any CPU
		{FC0C982E-CEB9-49F3-B107-3D2358CC77B8}.Debug|Any CPU.ActiveCfg = Debug|Any CPU
		{FC0C982E-CEB9-49F3-B107-3D2358CC77B8}.Debug|Any CPU.Build.0 = Debug|Any CPU
		{FC0C982E-CEB9-49F3-B107-3D2358CC77B8}.Release|Any CPU.ActiveCfg = Release|Any CPU
		{FC0C982E-CEB9-49F3-B107-3D2358CC77B8}.Release|Any CPU.Build.0 = Release|Any CPU
		{52CA4BCB-B3D2-4058-858C-23DB49BFF691}.Debug|Any CPU.ActiveCfg = Debug|Any CPU
		{52CA4BCB-B3D2-4058-858C-23DB49BFF691}.Debug|Any CPU.Build.0 = Debug|Any CPU
		{52CA4BCB-B3D2-4058-858C-23DB49BFF691}.Release|Any CPU.ActiveCfg = Release|Any CPU
		{52CA4BCB-B3D2-4058-858C-23DB49BFF691}.Release|Any CPU.Build.0 = Release|Any CPU
		{4292FE59-B75A-4F51-AB84-A684135D0435}.Debug|Any CPU.ActiveCfg = Debug|Any CPU
		{4292FE59-B75A-4F51-AB84-A684135D0435}.Debug|Any CPU.Build.0 = Debug|Any CPU
		{4292FE59-B75A-4F51-AB84-A684135D0435}.Release|Any CPU.ActiveCfg = Release|Any CPU
		{4292FE59-B75A-4F51-AB84-A684135D0435}.Release|Any CPU.Build.0 = Release|Any CPU
		{4DB458C2-5BD0-4C48-8599-74D3632B9BA4}.Debug|Any CPU.ActiveCfg = Debug|Any CPU
		{4DB458C2-5BD0-4C48-8599-74D3632B9BA4}.Debug|Any CPU.Build.0 = Debug|Any CPU
		{4DB458C2-5BD0-4C48-8599-74D3632B9BA4}.Release|Any CPU.ActiveCfg = Release|Any CPU
		{4DB458C2-5BD0-4C48-8599-74D3632B9BA4}.Release|Any CPU.Build.0 = Release|Any CPU
		{9454BAAA-8137-4942-AEDD-CB6E8845ACA8}.Debug|Any CPU.ActiveCfg = Debug|Any CPU
		{9454BAAA-8137-4942-AEDD-CB6E8845ACA8}.Debug|Any CPU.Build.0 = Debug|Any CPU
		{9454BAAA-8137-4942-AEDD-CB6E8845ACA8}.Release|Any CPU.ActiveCfg = Release|Any CPU
		{9454BAAA-8137-4942-AEDD-CB6E8845ACA8}.Release|Any CPU.Build.0 = Release|Any CPU
		{D8BEC1D8-8F4F-493F-B7FA-C9E0354FA0C6}.Debug|Any CPU.ActiveCfg = Debug|Any CPU
		{D8BEC1D8-8F4F-493F-B7FA-C9E0354FA0C6}.Debug|Any CPU.Build.0 = Debug|Any CPU
		{D8BEC1D8-8F4F-493F-B7FA-C9E0354FA0C6}.Release|Any CPU.ActiveCfg = Release|Any CPU
		{D8BEC1D8-8F4F-493F-B7FA-C9E0354FA0C6}.Release|Any CPU.Build.0 = Release|Any CPU
		{470D2037-8908-4C7D-9C18-88D0EB11C13F}.Debug|Any CPU.ActiveCfg = Debug|Any CPU
		{470D2037-8908-4C7D-9C18-88D0EB11C13F}.Debug|Any CPU.Build.0 = Debug|Any CPU
		{470D2037-8908-4C7D-9C18-88D0EB11C13F}.Release|Any CPU.ActiveCfg = Release|Any CPU
		{470D2037-8908-4C7D-9C18-88D0EB11C13F}.Release|Any CPU.Build.0 = Release|Any CPU
		{E9414CEC-8D4E-4CAC-B13D-4AC1FD24D649}.Debug|Any CPU.ActiveCfg = Debug|Any CPU
		{E9414CEC-8D4E-4CAC-B13D-4AC1FD24D649}.Debug|Any CPU.Build.0 = Debug|Any CPU
		{E9414CEC-8D4E-4CAC-B13D-4AC1FD24D649}.Release|Any CPU.ActiveCfg = Release|Any CPU
		{E9414CEC-8D4E-4CAC-B13D-4AC1FD24D649}.Release|Any CPU.Build.0 = Release|Any CPU
		{F5E48D94-91BF-448E-A265-5734E945620E}.Debug|Any CPU.ActiveCfg = Debug|Any CPU
		{F5E48D94-91BF-448E-A265-5734E945620E}.Debug|Any CPU.Build.0 = Debug|Any CPU
		{F5E48D94-91BF-448E-A265-5734E945620E}.Release|Any CPU.ActiveCfg = Release|Any CPU
		{F5E48D94-91BF-448E-A265-5734E945620E}.Release|Any CPU.Build.0 = Release|Any CPU
		{153AD55C-70C8-4A7F-868C-5C3778C3ACF7}.Debug|Any CPU.ActiveCfg = Debug|Any CPU
		{153AD55C-70C8-4A7F-868C-5C3778C3ACF7}.Debug|Any CPU.Build.0 = Debug|Any CPU
		{153AD55C-70C8-4A7F-868C-5C3778C3ACF7}.Release|Any CPU.ActiveCfg = Release|Any CPU
		{153AD55C-70C8-4A7F-868C-5C3778C3ACF7}.Release|Any CPU.Build.0 = Release|Any CPU
		{265B4D7D-5DEC-4D6B-9147-F8D57CD7A746}.Debug|Any CPU.ActiveCfg = Debug|Any CPU
		{265B4D7D-5DEC-4D6B-9147-F8D57CD7A746}.Debug|Any CPU.Build.0 = Debug|Any CPU
		{265B4D7D-5DEC-4D6B-9147-F8D57CD7A746}.Release|Any CPU.ActiveCfg = Release|Any CPU
		{265B4D7D-5DEC-4D6B-9147-F8D57CD7A746}.Release|Any CPU.Build.0 = Release|Any CPU
		{6099F450-5829-47ED-83F3-422E0F435D2A}.Debug|Any CPU.ActiveCfg = Debug|Any CPU
		{6099F450-5829-47ED-83F3-422E0F435D2A}.Debug|Any CPU.Build.0 = Debug|Any CPU
		{6099F450-5829-47ED-83F3-422E0F435D2A}.Release|Any CPU.ActiveCfg = Release|Any CPU
		{6099F450-5829-47ED-83F3-422E0F435D2A}.Release|Any CPU.Build.0 = Release|Any CPU
		{0C29BC2F-A690-4A6B-B35E-B262F7FCC59D}.Debug|Any CPU.ActiveCfg = Debug|Any CPU
		{0C29BC2F-A690-4A6B-B35E-B262F7FCC59D}.Debug|Any CPU.Build.0 = Debug|Any CPU
		{0C29BC2F-A690-4A6B-B35E-B262F7FCC59D}.Release|Any CPU.ActiveCfg = Release|Any CPU
		{0C29BC2F-A690-4A6B-B35E-B262F7FCC59D}.Release|Any CPU.Build.0 = Release|Any CPU
		{ECAE93C4-9F3E-451A-A367-EB69CF587567}.Debug|Any CPU.ActiveCfg = Debug|Any CPU
		{ECAE93C4-9F3E-451A-A367-EB69CF587567}.Debug|Any CPU.Build.0 = Debug|Any CPU
		{ECAE93C4-9F3E-451A-A367-EB69CF587567}.Release|Any CPU.ActiveCfg = Release|Any CPU
		{ECAE93C4-9F3E-451A-A367-EB69CF587567}.Release|Any CPU.Build.0 = Release|Any CPU
		{A79C6244-2116-486F-B5EA-514D3986B901}.Debug|Any CPU.ActiveCfg = Debug|Any CPU
		{A79C6244-2116-486F-B5EA-514D3986B901}.Debug|Any CPU.Build.0 = Debug|Any CPU
		{A79C6244-2116-486F-B5EA-514D3986B901}.Release|Any CPU.ActiveCfg = Release|Any CPU
		{A79C6244-2116-486F-B5EA-514D3986B901}.Release|Any CPU.Build.0 = Release|Any CPU
		{E5695766-209A-4FD7-9B58-603B7BBA4113}.Debug|Any CPU.ActiveCfg = Debug|Any CPU
		{E5695766-209A-4FD7-9B58-603B7BBA4113}.Debug|Any CPU.Build.0 = Debug|Any CPU
		{E5695766-209A-4FD7-9B58-603B7BBA4113}.Release|Any CPU.ActiveCfg = Release|Any CPU
		{E5695766-209A-4FD7-9B58-603B7BBA4113}.Release|Any CPU.Build.0 = Release|Any CPU
		{C633F114-6FB4-4E13-9B89-3F79AEAC8E86}.Debug|Any CPU.ActiveCfg = Debug|Any CPU
		{C633F114-6FB4-4E13-9B89-3F79AEAC8E86}.Debug|Any CPU.Build.0 = Debug|Any CPU
		{C633F114-6FB4-4E13-9B89-3F79AEAC8E86}.Release|Any CPU.ActiveCfg = Release|Any CPU
		{C633F114-6FB4-4E13-9B89-3F79AEAC8E86}.Release|Any CPU.Build.0 = Release|Any CPU
		{A33156A3-2D83-496C-A594-49B643342B08}.Debug|Any CPU.ActiveCfg = Debug|Any CPU
		{A33156A3-2D83-496C-A594-49B643342B08}.Debug|Any CPU.Build.0 = Debug|Any CPU
		{A33156A3-2D83-496C-A594-49B643342B08}.Release|Any CPU.ActiveCfg = Release|Any CPU
		{A33156A3-2D83-496C-A594-49B643342B08}.Release|Any CPU.Build.0 = Release|Any CPU
		{F1CB531A-FA3B-466F-81D8-C97C0FFFE122}.Debug|Any CPU.ActiveCfg = Debug|Any CPU
		{F1CB531A-FA3B-466F-81D8-C97C0FFFE122}.Debug|Any CPU.Build.0 = Debug|Any CPU
		{F1CB531A-FA3B-466F-81D8-C97C0FFFE122}.Release|Any CPU.ActiveCfg = Release|Any CPU
		{F1CB531A-FA3B-466F-81D8-C97C0FFFE122}.Release|Any CPU.Build.0 = Release|Any CPU
		{8B258A46-5538-449A-BDCB-5421E898357F}.Debug|Any CPU.ActiveCfg = Debug|Any CPU
		{8B258A46-5538-449A-BDCB-5421E898357F}.Debug|Any CPU.Build.0 = Debug|Any CPU
		{8B258A46-5538-449A-BDCB-5421E898357F}.Release|Any CPU.ActiveCfg = Release|Any CPU
		{8B258A46-5538-449A-BDCB-5421E898357F}.Release|Any CPU.Build.0 = Release|Any CPU
		{734E89DA-884F-4531-9165-B0FD79E884E7}.Debug|Any CPU.ActiveCfg = Debug|Any CPU
		{734E89DA-884F-4531-9165-B0FD79E884E7}.Debug|Any CPU.Build.0 = Debug|Any CPU
		{734E89DA-884F-4531-9165-B0FD79E884E7}.Release|Any CPU.ActiveCfg = Release|Any CPU
		{734E89DA-884F-4531-9165-B0FD79E884E7}.Release|Any CPU.Build.0 = Release|Any CPU
		{8AF8E439-38AD-4CFB-92D4-92B9765242AA}.Debug|Any CPU.ActiveCfg = Debug|Any CPU
		{8AF8E439-38AD-4CFB-92D4-92B9765242AA}.Debug|Any CPU.Build.0 = Debug|Any CPU
		{8AF8E439-38AD-4CFB-92D4-92B9765242AA}.Release|Any CPU.ActiveCfg = Release|Any CPU
		{8AF8E439-38AD-4CFB-92D4-92B9765242AA}.Release|Any CPU.Build.0 = Release|Any CPU
		{88EA5644-5BFF-49FA-967C-B985E80E9ED9}.Debug|Any CPU.ActiveCfg = Debug|Any CPU
		{88EA5644-5BFF-49FA-967C-B985E80E9ED9}.Debug|Any CPU.Build.0 = Debug|Any CPU
		{88EA5644-5BFF-49FA-967C-B985E80E9ED9}.Release|Any CPU.ActiveCfg = Release|Any CPU
		{88EA5644-5BFF-49FA-967C-B985E80E9ED9}.Release|Any CPU.Build.0 = Release|Any CPU
		{A60B04D3-3C2F-4D0A-9044-5D3FEB73503C}.Debug|Any CPU.ActiveCfg = Debug|Any CPU
		{A60B04D3-3C2F-4D0A-9044-5D3FEB73503C}.Debug|Any CPU.Build.0 = Debug|Any CPU
		{A60B04D3-3C2F-4D0A-9044-5D3FEB73503C}.Release|Any CPU.ActiveCfg = Release|Any CPU
		{A60B04D3-3C2F-4D0A-9044-5D3FEB73503C}.Release|Any CPU.Build.0 = Release|Any CPU
		{E0499490-AD89-4D15-9D4E-DB3E91E3F1CC}.Debug|Any CPU.ActiveCfg = Debug|Any CPU
		{E0499490-AD89-4D15-9D4E-DB3E91E3F1CC}.Debug|Any CPU.Build.0 = Debug|Any CPU
		{E0499490-AD89-4D15-9D4E-DB3E91E3F1CC}.Release|Any CPU.ActiveCfg = Release|Any CPU
		{E0499490-AD89-4D15-9D4E-DB3E91E3F1CC}.Release|Any CPU.Build.0 = Release|Any CPU
		{39D01D54-79E3-493A-A295-34F90B60CDD8}.Debug|Any CPU.ActiveCfg = Debug|Any CPU
		{39D01D54-79E3-493A-A295-34F90B60CDD8}.Debug|Any CPU.Build.0 = Debug|Any CPU
		{39D01D54-79E3-493A-A295-34F90B60CDD8}.Release|Any CPU.ActiveCfg = Release|Any CPU
		{39D01D54-79E3-493A-A295-34F90B60CDD8}.Release|Any CPU.Build.0 = Release|Any CPU
		{B9530A4A-DB48-4365-88D8-C410BB0BD5FD}.Debug|Any CPU.ActiveCfg = Debug|Any CPU
		{B9530A4A-DB48-4365-88D8-C410BB0BD5FD}.Debug|Any CPU.Build.0 = Debug|Any CPU
		{B9530A4A-DB48-4365-88D8-C410BB0BD5FD}.Release|Any CPU.ActiveCfg = Release|Any CPU
		{B9530A4A-DB48-4365-88D8-C410BB0BD5FD}.Release|Any CPU.Build.0 = Release|Any CPU
		{572D0650-301A-4EB9-8F78-68AC62CD6C9A}.Debug|Any CPU.ActiveCfg = Debug|Any CPU
		{572D0650-301A-4EB9-8F78-68AC62CD6C9A}.Debug|Any CPU.Build.0 = Debug|Any CPU
		{572D0650-301A-4EB9-8F78-68AC62CD6C9A}.Release|Any CPU.ActiveCfg = Release|Any CPU
		{572D0650-301A-4EB9-8F78-68AC62CD6C9A}.Release|Any CPU.Build.0 = Release|Any CPU
		{B339F5AB-8B64-4626-BBC8-0951D020D1BD}.Debug|Any CPU.ActiveCfg = Debug|Any CPU
		{B339F5AB-8B64-4626-BBC8-0951D020D1BD}.Debug|Any CPU.Build.0 = Debug|Any CPU
		{B339F5AB-8B64-4626-BBC8-0951D020D1BD}.Release|Any CPU.ActiveCfg = Release|Any CPU
		{B339F5AB-8B64-4626-BBC8-0951D020D1BD}.Release|Any CPU.Build.0 = Release|Any CPU
		{9DF91D4D-A79D-4E59-8A1C-3CC5B81030FF}.Debug|Any CPU.ActiveCfg = Debug|Any CPU
		{9DF91D4D-A79D-4E59-8A1C-3CC5B81030FF}.Debug|Any CPU.Build.0 = Debug|Any CPU
		{9DF91D4D-A79D-4E59-8A1C-3CC5B81030FF}.Release|Any CPU.ActiveCfg = Release|Any CPU
		{9DF91D4D-A79D-4E59-8A1C-3CC5B81030FF}.Release|Any CPU.Build.0 = Release|Any CPU
		{CC7CB8E8-B39A-48E3-87EB-B166544317D9}.Debug|Any CPU.ActiveCfg = Debug|Any CPU
		{CC7CB8E8-B39A-48E3-87EB-B166544317D9}.Debug|Any CPU.Build.0 = Debug|Any CPU
		{CC7CB8E8-B39A-48E3-87EB-B166544317D9}.Release|Any CPU.ActiveCfg = Release|Any CPU
		{CC7CB8E8-B39A-48E3-87EB-B166544317D9}.Release|Any CPU.Build.0 = Release|Any CPU
		{54885448-4E5F-404C-A3A6-5E1555DB5AC8}.Debug|Any CPU.ActiveCfg = Debug|Any CPU
		{54885448-4E5F-404C-A3A6-5E1555DB5AC8}.Debug|Any CPU.Build.0 = Debug|Any CPU
		{54885448-4E5F-404C-A3A6-5E1555DB5AC8}.Release|Any CPU.ActiveCfg = Release|Any CPU
		{54885448-4E5F-404C-A3A6-5E1555DB5AC8}.Release|Any CPU.Build.0 = Release|Any CPU
		{A1947B3B-F94B-45DA-AAED-9CBB4DDF43A8}.Debug|Any CPU.ActiveCfg = Debug|Any CPU
		{A1947B3B-F94B-45DA-AAED-9CBB4DDF43A8}.Debug|Any CPU.Build.0 = Debug|Any CPU
		{A1947B3B-F94B-45DA-AAED-9CBB4DDF43A8}.Release|Any CPU.ActiveCfg = Release|Any CPU
		{A1947B3B-F94B-45DA-AAED-9CBB4DDF43A8}.Release|Any CPU.Build.0 = Release|Any CPU
		{6431A8E6-4E43-4E0A-A412-3767D1D0E5CA}.Debug|Any CPU.ActiveCfg = Debug|Any CPU
		{6431A8E6-4E43-4E0A-A412-3767D1D0E5CA}.Debug|Any CPU.Build.0 = Debug|Any CPU
		{6431A8E6-4E43-4E0A-A412-3767D1D0E5CA}.Release|Any CPU.ActiveCfg = Release|Any CPU
		{6431A8E6-4E43-4E0A-A412-3767D1D0E5CA}.Release|Any CPU.Build.0 = Release|Any CPU
		{6F21AF80-F82B-4FAC-8118-CCF1BAB4C4BC}.Debug|Any CPU.ActiveCfg = Debug|Any CPU
		{6F21AF80-F82B-4FAC-8118-CCF1BAB4C4BC}.Debug|Any CPU.Build.0 = Debug|Any CPU
		{6F21AF80-F82B-4FAC-8118-CCF1BAB4C4BC}.Release|Any CPU.ActiveCfg = Release|Any CPU
		{6F21AF80-F82B-4FAC-8118-CCF1BAB4C4BC}.Release|Any CPU.Build.0 = Release|Any CPU
		{D3D7B208-719A-42C1-9F82-76498288E5E8}.Debug|Any CPU.ActiveCfg = Debug|Any CPU
		{D3D7B208-719A-42C1-9F82-76498288E5E8}.Debug|Any CPU.Build.0 = Debug|Any CPU
		{D3D7B208-719A-42C1-9F82-76498288E5E8}.Release|Any CPU.ActiveCfg = Release|Any CPU
		{D3D7B208-719A-42C1-9F82-76498288E5E8}.Release|Any CPU.Build.0 = Release|Any CPU
		{6533CB38-4667-4866-A663-D1961ABD2C10}.Debug|Any CPU.ActiveCfg = Debug|Any CPU
		{6533CB38-4667-4866-A663-D1961ABD2C10}.Debug|Any CPU.Build.0 = Debug|Any CPU
		{6533CB38-4667-4866-A663-D1961ABD2C10}.Release|Any CPU.ActiveCfg = Release|Any CPU
		{6533CB38-4667-4866-A663-D1961ABD2C10}.Release|Any CPU.Build.0 = Release|Any CPU
		{A0E696A2-3E10-479A-8C49-2AA8EBF9FBDE}.Debug|Any CPU.ActiveCfg = Debug|Any CPU
		{A0E696A2-3E10-479A-8C49-2AA8EBF9FBDE}.Debug|Any CPU.Build.0 = Debug|Any CPU
		{A0E696A2-3E10-479A-8C49-2AA8EBF9FBDE}.Release|Any CPU.ActiveCfg = Release|Any CPU
		{A0E696A2-3E10-479A-8C49-2AA8EBF9FBDE}.Release|Any CPU.Build.0 = Release|Any CPU
		{129F1A4A-42E2-4004-854A-E54A0BDAF39C}.Debug|Any CPU.ActiveCfg = Debug|Any CPU
		{129F1A4A-42E2-4004-854A-E54A0BDAF39C}.Debug|Any CPU.Build.0 = Debug|Any CPU
		{129F1A4A-42E2-4004-854A-E54A0BDAF39C}.Release|Any CPU.ActiveCfg = Release|Any CPU
		{129F1A4A-42E2-4004-854A-E54A0BDAF39C}.Release|Any CPU.Build.0 = Release|Any CPU
		{859CCC7D-AB2A-4725-AD89-A0F0F6F62CF8}.Debug|Any CPU.ActiveCfg = Debug|Any CPU
		{859CCC7D-AB2A-4725-AD89-A0F0F6F62CF8}.Debug|Any CPU.Build.0 = Debug|Any CPU
		{859CCC7D-AB2A-4725-AD89-A0F0F6F62CF8}.Release|Any CPU.ActiveCfg = Release|Any CPU
		{859CCC7D-AB2A-4725-AD89-A0F0F6F62CF8}.Release|Any CPU.Build.0 = Release|Any CPU
		{6DE8401E-B426-4F6E-86C4-BBCC380EBE6F}.Debug|Any CPU.ActiveCfg = Debug|Any CPU
		{6DE8401E-B426-4F6E-86C4-BBCC380EBE6F}.Debug|Any CPU.Build.0 = Debug|Any CPU
		{6DE8401E-B426-4F6E-86C4-BBCC380EBE6F}.Release|Any CPU.ActiveCfg = Release|Any CPU
		{6DE8401E-B426-4F6E-86C4-BBCC380EBE6F}.Release|Any CPU.Build.0 = Release|Any CPU
		{E2B3033A-2AA0-4146-AEFF-B9C8B226EF9C}.Debug|Any CPU.ActiveCfg = Debug|Any CPU
		{E2B3033A-2AA0-4146-AEFF-B9C8B226EF9C}.Debug|Any CPU.Build.0 = Debug|Any CPU
		{E2B3033A-2AA0-4146-AEFF-B9C8B226EF9C}.Release|Any CPU.ActiveCfg = Release|Any CPU
		{E2B3033A-2AA0-4146-AEFF-B9C8B226EF9C}.Release|Any CPU.Build.0 = Release|Any CPU
		{E92CAF9E-B7A4-49F9-BAAD-E5ECE0A4FA7B}.Debug|Any CPU.ActiveCfg = Debug|Any CPU
		{E92CAF9E-B7A4-49F9-BAAD-E5ECE0A4FA7B}.Debug|Any CPU.Build.0 = Debug|Any CPU
		{E92CAF9E-B7A4-49F9-BAAD-E5ECE0A4FA7B}.Release|Any CPU.ActiveCfg = Release|Any CPU
		{E92CAF9E-B7A4-49F9-BAAD-E5ECE0A4FA7B}.Release|Any CPU.Build.0 = Release|Any CPU
		{F053B83F-78E3-4A3B-9EA3-ACCB44C8C025}.Debug|Any CPU.ActiveCfg = Debug|Any CPU
		{F053B83F-78E3-4A3B-9EA3-ACCB44C8C025}.Debug|Any CPU.Build.0 = Debug|Any CPU
		{F053B83F-78E3-4A3B-9EA3-ACCB44C8C025}.Release|Any CPU.ActiveCfg = Release|Any CPU
		{F053B83F-78E3-4A3B-9EA3-ACCB44C8C025}.Release|Any CPU.Build.0 = Release|Any CPU
		{A8D9DEDE-3125-440B-A9C2-ED425A8D0DA2}.Debug|Any CPU.ActiveCfg = Debug|Any CPU
		{A8D9DEDE-3125-440B-A9C2-ED425A8D0DA2}.Debug|Any CPU.Build.0 = Debug|Any CPU
		{A8D9DEDE-3125-440B-A9C2-ED425A8D0DA2}.Release|Any CPU.ActiveCfg = Release|Any CPU
		{A8D9DEDE-3125-440B-A9C2-ED425A8D0DA2}.Release|Any CPU.Build.0 = Release|Any CPU
		{2F3D929F-5FC1-4356-B4FB-F2722490D24E}.Debug|Any CPU.ActiveCfg = Debug|Any CPU
		{2F3D929F-5FC1-4356-B4FB-F2722490D24E}.Debug|Any CPU.Build.0 = Debug|Any CPU
		{2F3D929F-5FC1-4356-B4FB-F2722490D24E}.Release|Any CPU.ActiveCfg = Release|Any CPU
		{2F3D929F-5FC1-4356-B4FB-F2722490D24E}.Release|Any CPU.Build.0 = Release|Any CPU
		{D6A21F16-C6F6-4767-8E51-1B5C85A2B2C8}.Debug|Any CPU.ActiveCfg = Debug|Any CPU
		{D6A21F16-C6F6-4767-8E51-1B5C85A2B2C8}.Debug|Any CPU.Build.0 = Debug|Any CPU
		{D6A21F16-C6F6-4767-8E51-1B5C85A2B2C8}.Release|Any CPU.ActiveCfg = Release|Any CPU
		{D6A21F16-C6F6-4767-8E51-1B5C85A2B2C8}.Release|Any CPU.Build.0 = Release|Any CPU
		{D5F4FA17-CFB6-4716-80EA-DA7A8904A091}.Debug|Any CPU.ActiveCfg = Debug|Any CPU
		{D5F4FA17-CFB6-4716-80EA-DA7A8904A091}.Debug|Any CPU.Build.0 = Debug|Any CPU
		{D5F4FA17-CFB6-4716-80EA-DA7A8904A091}.Release|Any CPU.ActiveCfg = Release|Any CPU
		{D5F4FA17-CFB6-4716-80EA-DA7A8904A091}.Release|Any CPU.Build.0 = Release|Any CPU
		{3A060D68-C0F6-4231-809C-5CE6CE47A442}.Debug|Any CPU.ActiveCfg = Debug|Any CPU
		{3A060D68-C0F6-4231-809C-5CE6CE47A442}.Debug|Any CPU.Build.0 = Debug|Any CPU
		{3A060D68-C0F6-4231-809C-5CE6CE47A442}.Release|Any CPU.ActiveCfg = Release|Any CPU
		{3A060D68-C0F6-4231-809C-5CE6CE47A442}.Release|Any CPU.Build.0 = Release|Any CPU
		{CF0FB07A-7E45-4468-8045-D8011071BF46}.Debug|Any CPU.ActiveCfg = Debug|Any CPU
		{CF0FB07A-7E45-4468-8045-D8011071BF46}.Debug|Any CPU.Build.0 = Debug|Any CPU
		{CF0FB07A-7E45-4468-8045-D8011071BF46}.Release|Any CPU.ActiveCfg = Release|Any CPU
		{CF0FB07A-7E45-4468-8045-D8011071BF46}.Release|Any CPU.Build.0 = Release|Any CPU
		{B1D8E52C-7351-414E-9A31-A763FC4B9449}.Debug|Any CPU.ActiveCfg = Debug|Any CPU
		{B1D8E52C-7351-414E-9A31-A763FC4B9449}.Debug|Any CPU.Build.0 = Debug|Any CPU
		{B1D8E52C-7351-414E-9A31-A763FC4B9449}.Release|Any CPU.ActiveCfg = Release|Any CPU
		{B1D8E52C-7351-414E-9A31-A763FC4B9449}.Release|Any CPU.Build.0 = Release|Any CPU
		{80CAD0A7-592E-4C3E-93F4-E4F7CDD876CF}.Debug|Any CPU.ActiveCfg = Debug|Any CPU
		{80CAD0A7-592E-4C3E-93F4-E4F7CDD876CF}.Debug|Any CPU.Build.0 = Debug|Any CPU
		{80CAD0A7-592E-4C3E-93F4-E4F7CDD876CF}.Release|Any CPU.ActiveCfg = Release|Any CPU
		{80CAD0A7-592E-4C3E-93F4-E4F7CDD876CF}.Release|Any CPU.Build.0 = Release|Any CPU
		{00E0614A-3DE4-47B2-AED4-B6C92F9BCB71}.Debug|Any CPU.ActiveCfg = Debug|Any CPU
		{00E0614A-3DE4-47B2-AED4-B6C92F9BCB71}.Debug|Any CPU.Build.0 = Debug|Any CPU
		{00E0614A-3DE4-47B2-AED4-B6C92F9BCB71}.Release|Any CPU.ActiveCfg = Release|Any CPU
		{00E0614A-3DE4-47B2-AED4-B6C92F9BCB71}.Release|Any CPU.Build.0 = Release|Any CPU
		{20208B9F-4D99-49CA-9EC9-D7C84745A044}.Debug|Any CPU.ActiveCfg = Debug|Any CPU
		{20208B9F-4D99-49CA-9EC9-D7C84745A044}.Debug|Any CPU.Build.0 = Debug|Any CPU
		{20208B9F-4D99-49CA-9EC9-D7C84745A044}.Release|Any CPU.ActiveCfg = Release|Any CPU
		{20208B9F-4D99-49CA-9EC9-D7C84745A044}.Release|Any CPU.Build.0 = Release|Any CPU
		{B1A3AF22-8F4A-466E-BA81-9D6D0C1E4CC6}.Debug|Any CPU.ActiveCfg = Debug|Any CPU
		{B1A3AF22-8F4A-466E-BA81-9D6D0C1E4CC6}.Debug|Any CPU.Build.0 = Debug|Any CPU
		{B1A3AF22-8F4A-466E-BA81-9D6D0C1E4CC6}.Release|Any CPU.ActiveCfg = Release|Any CPU
		{B1A3AF22-8F4A-466E-BA81-9D6D0C1E4CC6}.Release|Any CPU.Build.0 = Release|Any CPU
		{BAF8C85D-8548-439E-BDCB-E06A17BFCB88}.Debug|Any CPU.ActiveCfg = Debug|Any CPU
		{BAF8C85D-8548-439E-BDCB-E06A17BFCB88}.Debug|Any CPU.Build.0 = Debug|Any CPU
		{BAF8C85D-8548-439E-BDCB-E06A17BFCB88}.Release|Any CPU.ActiveCfg = Release|Any CPU
		{BAF8C85D-8548-439E-BDCB-E06A17BFCB88}.Release|Any CPU.Build.0 = Release|Any CPU
		{77934C58-9851-4BE9-BD0F-40D2987FE5D3}.Debug|Any CPU.ActiveCfg = Debug|Any CPU
		{77934C58-9851-4BE9-BD0F-40D2987FE5D3}.Debug|Any CPU.Build.0 = Debug|Any CPU
		{77934C58-9851-4BE9-BD0F-40D2987FE5D3}.Release|Any CPU.ActiveCfg = Release|Any CPU
		{77934C58-9851-4BE9-BD0F-40D2987FE5D3}.Release|Any CPU.Build.0 = Release|Any CPU
	EndGlobalSection
	GlobalSection(SolutionProperties) = preSolution
		HideSolutionNode = FALSE
	EndGlobalSection
	GlobalSection(ExtensibilityGlobals) = postSolution
		SolutionGuid = {D1D07D3C-EB9C-446D-8DE8-74A3723F3C98}
	EndGlobalSection
EndGlobal
